Microsoft Visual Studio Solution File, Format Version 12.00
# Visual Studio Version 17
VisualStudioVersion = 17.5.2.0
MinimumVisualStudioVersion = 10.0.40219.1
Project("{FAE04EC0-301F-11D3-BF4B-00C04F79EFBC}") = "dotnet-bot", "dotnet-bot.csproj", "{B5DE2DAE-5AD9-D2AE-2496-76EC07D3CBE2}"
EndProject
Global
	GlobalSection(SolutionConfigurationPlatforms) = preSolution
		Debug|Any CPU = Debug|Any CPU
		Release|Any CPU = Release|Any CPU
	EndGlobalSection
	GlobalSection(ProjectConfigurationPlatforms) = postSolution
		{B5DE2DAE-5AD9-D2AE-2496-76EC07D3CBE2}.Debug|Any CPU.ActiveCfg = Debug|Any CPU
		{B5DE2DAE-5AD9-D2AE-2496-76EC07D3CBE2}.Debug|Any CPU.Build.0 = Debug|Any CPU
		{B5DE2DAE-5AD9-D2AE-2496-76EC07D3CBE2}.Release|Any CPU.ActiveCfg = Release|Any CPU
		{B5DE2DAE-5AD9-D2AE-2496-76EC07D3CBE2}.Release|Any CPU.Build.0 = Release|Any CPU
	EndGlobalSection
	GlobalSection(SolutionProperties) = preSolution
		HideSolutionNode = FALSE
	EndGlobalSection
	GlobalSection(ExtensibilityGlobals) = postSolution
		SolutionGuid = {0A765458-0995-4F0E-9620-E7F0A105DB99}
	EndGlobalSection
EndGlobal
